// !$*UTF8*$!
{
	archiveVersion = 1;
	classes = {
	};
	objectVersion = 77;
	objects = {

/* Begin PBXContainerItemProxy section */
		8F672E4C2CEC597000A54691 /* PBXContainerItemProxy */ = {
			isa = PBXContainerItemProxy;
			containerPortal = 8F672E332CEC596E00A54691 /* Project object */;
			proxyType = 1;
			remoteGlobalIDString = 8F672E3A2CEC596E00A54691;
			remoteInfo = CoverLetterApp;
		};
		8F672E562CEC597000A54691 /* PBXContainerItemProxy */ = {
			isa = PBXContainerItemProxy;
			containerPortal = 8F672E332CEC596E00A54691 /* Project object */;
			proxyType = 1;
			remoteGlobalIDString = 8F672E3A2CEC596E00A54691;
			remoteInfo = CoverLetterApp;
		};
/* End PBXContainerItemProxy section */

/* Begin PBXFileReference section */
		8F672E3B2CEC596E00A54691 /* CoverLetterApp.app */ = {isa = PBXFileReference; explicitFileType = wrapper.application; includeInIndex = 0; path = CoverLetterApp.app; sourceTree = BUILT_PRODUCTS_DIR; };
		8F672E4B2CEC597000A54691 /* CoverLetterAppTests.xctest */ = {isa = PBXFileReference; explicitFileType = wrapper.cfbundle; includeInIndex = 0; path = CoverLetterAppTests.xctest; sourceTree = BUILT_PRODUCTS_DIR; };
		8F672E552CEC597000A54691 /* CoverLetterAppUITests.xctest */ = {isa = PBXFileReference; explicitFileType = wrapper.cfbundle; includeInIndex = 0; path = CoverLetterAppUITests.xctest; sourceTree = BUILT_PRODUCTS_DIR; };
/* End PBXFileReference section */

/* Begin PBXFileSystemSynchronizedRootGroup section */
		8F672E3D2CEC596E00A54691 /* CoverLetterApp */ = {
			isa = PBXFileSystemSynchronizedRootGroup;
			path = CoverLetterApp;
			sourceTree = "<group>";
		};
		8F672E4E2CEC597000A54691 /* CoverLetterAppTests */ = {
			isa = PBXFileSystemSynchronizedRootGroup;
			path = CoverLetterAppTests;
			sourceTree = "<group>";
		};
		8F672E582CEC597000A54691 /* CoverLetterAppUITests */ = {
			isa = PBXFileSystemSynchronizedRootGroup;
			path = CoverLetterAppUITests;
			sourceTree = "<group>";
		};
/* End PBXFileSystemSynchronizedRootGroup section */

/* Begin PBXFrameworksBuildPhase section */
		8F672E382CEC596E00A54691 /* Frameworks */ = {
			isa = PBXFrameworksBuildPhase;
			buildActionMask = 2147483647;
			files = (
			);
			runOnlyForDeploymentPostprocessing = 0;
		};
		8F672E482CEC597000A54691 /* Frameworks */ = {
			isa = PBXFrameworksBuildPhase;
			buildActionMask = 2147483647;
			files = (
			);
			runOnlyForDeploymentPostprocessing = 0;
		};
		8F672E522CEC597000A54691 /* Frameworks */ = {
			isa = PBXFrameworksBuildPhase;
			buildActionMask = 2147483647;
			files = (
			);
			runOnlyForDeploymentPostprocessing = 0;
		};
/* End PBXFrameworksBuildPhase section */

/* Begin PBXGroup section */
		8F672E322CEC596E00A54691 = {
			isa = PBXGroup;
			children = (
				8F672E3D2CEC596E00A54691 /* CoverLetterApp */,
				8F672E4E2CEC597000A54691 /* CoverLetterAppTests */,
				8F672E582CEC597000A54691 /* CoverLetterAppUITests */,
				8F672E3C2CEC596E00A54691 /* Products */,
			);
			sourceTree = "<group>";
		};
		8F672E3C2CEC596E00A54691 /* Products */ = {
			isa = PBXGroup;
			children = (
				8F672E3B2CEC596E00A54691 /* CoverLetterApp.app */,
				8F672E4B2CEC597000A54691 /* CoverLetterAppTests.xctest */,
				8F672E552CEC597000A54691 /* CoverLetterAppUITests.xctest */,
			);
			name = Products;
			sourceTree = "<group>";
		};
/* End PBXGroup section */

/* Begin PBXNativeTarget section */
		8F672E3A2CEC596E00A54691 /* CoverLetterApp */ = {
			isa = PBXNativeTarget;
			buildConfigurationList = 8F672E5F2CEC597000A54691 /* Build configuration list for PBXNativeTarget "CoverLetterApp" */;
			buildPhases = (
				8F672E372CEC596E00A54691 /* Sources */,
				8F672E382CEC596E00A54691 /* Frameworks */,
				8F672E392CEC596E00A54691 /* Resources */,
			);
			buildRules = (
			);
			dependencies = (
			);
			fileSystemSynchronizedGroups = (
				8F672E3D2CEC596E00A54691 /* CoverLetterApp */,
			);
			name = CoverLetterApp;
			packageProductDependencies = (
			);
			productName = CoverLetterApp;
			productReference = 8F672E3B2CEC596E00A54691 /* CoverLetterApp.app */;
			productType = "com.apple.product-type.application";
		};
		8F672E4A2CEC597000A54691 /* CoverLetterAppTests */ = {
			isa = PBXNativeTarget;
			buildConfigurationList = 8F672E622CEC597000A54691 /* Build configuration list for PBXNativeTarget "CoverLetterAppTests" */;
			buildPhases = (
				8F672E472CEC597000A54691 /* Sources */,
				8F672E482CEC597000A54691 /* Frameworks */,
				8F672E492CEC597000A54691 /* Resources */,
			);
			buildRules = (
			);
			dependencies = (
				8F672E4D2CEC597000A54691 /* PBXTargetDependency */,
			);
			fileSystemSynchronizedGroups = (
				8F672E4E2CEC597000A54691 /* CoverLetterAppTests */,
			);
			name = CoverLetterAppTests;
			packageProductDependencies = (
			);
			productName = CoverLetterAppTests;
			productReference = 8F672E4B2CEC597000A54691 /* CoverLetterAppTests.xctest */;
			productType = "com.apple.product-type.bundle.unit-test";
		};
		8F672E542CEC597000A54691 /* CoverLetterAppUITests */ = {
			isa = PBXNativeTarget;
			buildConfigurationList = 8F672E652CEC597000A54691 /* Build configuration list for PBXNativeTarget "CoverLetterAppUITests" */;
			buildPhases = (
				8F672E512CEC597000A54691 /* Sources */,
				8F672E522CEC597000A54691 /* Frameworks */,
				8F672E532CEC597000A54691 /* Resources */,
			);
			buildRules = (
			);
			dependencies = (
				8F672E572CEC597000A54691 /* PBXTargetDependency */,
			);
			fileSystemSynchronizedGroups = (
				8F672E582CEC597000A54691 /* CoverLetterAppUITests */,
			);
			name = CoverLetterAppUITests;
			packageProductDependencies = (
			);
			productName = CoverLetterAppUITests;
			productReference = 8F672E552CEC597000A54691 /* CoverLetterAppUITests.xctest */;
			productType = "com.apple.product-type.bundle.ui-testing";
		};
/* End PBXNativeTarget section */

/* Begin PBXProject section */
		8F672E332CEC596E00A54691 /* Project object */ = {
			isa = PBXProject;
			attributes = {
				BuildIndependentTargetsInParallel = 1;
				LastSwiftUpdateCheck = 1610;
				LastUpgradeCheck = 1610;
				TargetAttributes = {
					8F672E3A2CEC596E00A54691 = {
						CreatedOnToolsVersion = 16.1;
					};
					8F672E4A2CEC597000A54691 = {
						CreatedOnToolsVersion = 16.1;
						TestTargetID = 8F672E3A2CEC596E00A54691;
					};
					8F672E542CEC597000A54691 = {
						CreatedOnToolsVersion = 16.1;
						TestTargetID = 8F672E3A2CEC596E00A54691;
					};
				};
			};
			buildConfigurationList = 8F672E362CEC596E00A54691 /* Build configuration list for PBXProject "CoverLetterApp" */;
			developmentRegion = en;
			hasScannedForEncodings = 0;
			knownRegions = (
				en,
				Base,
			);
			mainGroup = 8F672E322CEC596E00A54691;
			minimizedProjectReferenceProxies = 1;
			preferredProjectObjectVersion = 77;
			productRefGroup = 8F672E3C2CEC596E00A54691 /* Products */;
			projectDirPath = "";
			projectRoot = "";
			targets = (
				8F672E3A2CEC596E00A54691 /* CoverLetterApp */,
				8F672E4A2CEC597000A54691 /* CoverLetterAppTests */,
				8F672E542CEC597000A54691 /* CoverLetterAppUITests */,
			);
		};
/* End PBXProject section */

/* Begin PBXResourcesBuildPhase section */
		8F672E392CEC596E00A54691 /* Resources */ = {
			isa = PBXResourcesBuildPhase;
			buildActionMask = 2147483647;
			files = (
			);
			runOnlyForDeploymentPostprocessing = 0;
		};
		8F672E492CEC597000A54691 /* Resources */ = {
			isa = PBXResourcesBuildPhase;
			buildActionMask = 2147483647;
			files = (
			);
			runOnlyForDeploymentPostprocessing = 0;
		};
		8F672E532CEC597000A54691 /* Resources */ = {
			isa = PBXResourcesBuildPhase;
			buildActionMask = 2147483647;
			files = (
			);
			runOnlyForDeploymentPostprocessing = 0;
		};
/* End PBXResourcesBuildPhase section */

/* Begin PBXSourcesBuildPhase section */
		8F672E372CEC596E00A54691 /* Sources */ = {
			isa = PBXSourcesBuildPhase;
			buildActionMask = 2147483647;
			files = (
			);
			runOnlyForDeploymentPostprocessing = 0;
		};
		8F672E472CEC597000A54691 /* Sources */ = {
			isa = PBXSourcesBuildPhase;
			buildActionMask = 2147483647;
			files = (
			);
			runOnlyForDeploymentPostprocessing = 0;
		};
		8F672E512CEC597000A54691 /* Sources */ = {
			isa = PBXSourcesBuildPhase;
			buildActionMask = 2147483647;
			files = (
			);
			runOnlyForDeploymentPostprocessing = 0;
		};
/* End PBXSourcesBuildPhase section */

/* Begin PBXTargetDependency section */
		8F672E4D2CEC597000A54691 /* PBXTargetDependency */ = {
			isa = PBXTargetDependency;
			target = 8F672E3A2CEC596E00A54691 /* CoverLetterApp */;
			targetProxy = 8F672E4C2CEC597000A54691 /* PBXContainerItemProxy */;
		};
		8F672E572CEC597000A54691 /* PBXTargetDependency */ = {
			isa = PBXTargetDependency;
			target = 8F672E3A2CEC596E00A54691 /* CoverLetterApp */;
			targetProxy = 8F672E562CEC597000A54691 /* PBXContainerItemProxy */;
		};
/* End PBXTargetDependency section */

/* Begin XCBuildConfiguration section */
		8F672E5D2CEC597000A54691 /* Debug */ = {
			isa = XCBuildConfiguration;
			buildSettings = {
				ALWAYS_SEARCH_USER_PATHS = NO;
				ASSETCATALOG_COMPILER_GENERATE_SWIFT_ASSET_SYMBOL_EXTENSIONS = YES;
				CLANG_ANALYZER_NONNULL = YES;
				CLANG_ANALYZER_NUMBER_OBJECT_CONVERSION = YES_AGGRESSIVE;
				CLANG_CXX_LANGUAGE_STANDARD = "gnu++20";
				CLANG_ENABLE_MODULES = YES;
				CLANG_ENABLE_OBJC_ARC = YES;
				CLANG_ENABLE_OBJC_WEAK = YES;
				CLANG_WARN_BLOCK_CAPTURE_AUTORELEASING = YES;
				CLANG_WARN_BOOL_CONVERSION = YES;
				CLANG_WARN_COMMA = YES;
				CLANG_WARN_CONSTANT_CONVERSION = YES;
				CLANG_WARN_DEPRECATED_OBJC_IMPLEMENTATIONS = YES;
				CLANG_WARN_DIRECT_OBJC_ISA_USAGE = YES_ERROR;
				CLANG_WARN_DOCUMENTATION_COMMENTS = YES;
				CLANG_WARN_EMPTY_BODY = YES;
				CLANG_WARN_ENUM_CONVERSION = YES;
				CLANG_WARN_INFINITE_RECURSION = YES;
				CLANG_WARN_INT_CONVERSION = YES;
				CLANG_WARN_NON_LITERAL_NULL_CONVERSION = YES;
				CLANG_WARN_OBJC_IMPLICIT_RETAIN_SELF = YES;
				CLANG_WARN_OBJC_LITERAL_CONVERSION = YES;
				CLANG_WARN_OBJC_ROOT_CLASS = YES_ERROR;
				CLANG_WARN_QUOTED_INCLUDE_IN_FRAMEWORK_HEADER = YES;
				CLANG_WARN_RANGE_LOOP_ANALYSIS = YES;
				CLANG_WARN_STRICT_PROTOTYPES = YES;
				CLANG_WARN_SUSPICIOUS_MOVE = YES;
				CLANG_WARN_UNGUARDED_AVAILABILITY = YES_AGGRESSIVE;
				CLANG_WARN_UNREACHABLE_CODE = YES;
				CLANG_WARN__DUPLICATE_METHOD_MATCH = YES;
				COPY_PHASE_STRIP = NO;
				DEBUG_INFORMATION_FORMAT = dwarf;
				ENABLE_STRICT_OBJC_MSGSEND = YES;
				ENABLE_TESTABILITY = YES;
				ENABLE_USER_SCRIPT_SANDBOXING = YES;
				GCC_C_LANGUAGE_STANDARD = gnu17;
				GCC_DYNAMIC_NO_PIC = NO;
				GCC_NO_COMMON_BLOCKS = YES;
				GCC_OPTIMIZATION_LEVEL = 0;
				GCC_PREPROCESSOR_DEFINITIONS = (
					"DEBUG=1",
					"$(inherited)",
				);
				GCC_WARN_64_TO_32_BIT_CONVERSION = YES;
				GCC_WARN_ABOUT_RETURN_TYPE = YES_ERROR;
				GCC_WARN_UNDECLARED_SELECTOR = YES;
				GCC_WARN_UNINITIALIZED_AUTOS = YES_AGGRESSIVE;
				GCC_WARN_UNUSED_FUNCTION = YES;
				GCC_WARN_UNUSED_VARIABLE = YES;
				IPHONEOS_DEPLOYMENT_TARGET = 18.1;
				LOCALIZATION_PREFERS_STRING_CATALOGS = YES;
				MTL_ENABLE_DEBUG_INFO = INCLUDE_SOURCE;
				MTL_FAST_MATH = YES;
				ONLY_ACTIVE_ARCH = YES;
				SDKROOT = iphoneos;
				SWIFT_ACTIVE_COMPILATION_CONDITIONS = "DEBUG $(inherited)";
				SWIFT_OPTIMIZATION_LEVEL = "-Onone";
			};
			name = Debug;
		};
		8F672E5E2CEC597000A54691 /* Release */ = {
			isa = XCBuildConfiguration;
			buildSettings = {
				ALWAYS_SEARCH_USER_PATHS = NO;
				ASSETCATALOG_COMPILER_GENERATE_SWIFT_ASSET_SYMBOL_EXTENSIONS = YES;
				CLANG_ANALYZER_NONNULL = YES;
				CLANG_ANALYZER_NUMBER_OBJECT_CONVERSION = YES_AGGRESSIVE;
				CLANG_CXX_LANGUAGE_STANDARD = "gnu++20";
				CLANG_ENABLE_MODULES = YES;
				CLANG_ENABLE_OBJC_ARC = YES;
				CLANG_ENABLE_OBJC_WEAK = YES;
				CLANG_WARN_BLOCK_CAPTURE_AUTORELEASING = YES;
				CLANG_WARN_BOOL_CONVERSION = YES;
				CLANG_WARN_COMMA = YES;
				CLANG_WARN_CONSTANT_CONVERSION = YES;
				CLANG_WARN_DEPRECATED_OBJC_IMPLEMENTATIONS = YES;
				CLANG_WARN_DIRECT_OBJC_ISA_USAGE = YES_ERROR;
				CLANG_WARN_DOCUMENTATION_COMMENTS = YES;
				CLANG_WARN_EMPTY_BODY = YES;
				CLANG_WARN_ENUM_CONVERSION = YES;
				CLANG_WARN_INFINITE_RECURSION = YES;
				CLANG_WARN_INT_CONVERSION = YES;
				CLANG_WARN_NON_LITERAL_NULL_CONVERSION = YES;
				CLANG_WARN_OBJC_IMPLICIT_RETAIN_SELF = YES;
				CLANG_WARN_OBJC_LITERAL_CONVERSION = YES;
				CLANG_WARN_OBJC_ROOT_CLASS = YES_ERROR;
				CLANG_WARN_QUOTED_INCLUDE_IN_FRAMEWORK_HEADER = YES;
				CLANG_WARN_RANGE_LOOP_ANALYSIS = YES;
				CLANG_WARN_STRICT_PROTOTYPES = YES;
				CLANG_WARN_SUSPICIOUS_MOVE = YES;
				CLANG_WARN_UNGUARDED_AVAILABILITY = YES_AGGRESSIVE;
				CLANG_WARN_UNREACHABLE_CODE = YES;
				CLANG_WARN__DUPLICATE_METHOD_MATCH = YES;
				COPY_PHASE_STRIP = NO;
				DEBUG_INFORMATION_FORMAT = "dwarf-with-dsym";
				ENABLE_NS_ASSERTIONS = NO;
				ENABLE_STRICT_OBJC_MSGSEND = YES;
				ENABLE_USER_SCRIPT_SANDBOXING = YES;
				GCC_C_LANGUAGE_STANDARD = gnu17;
				GCC_NO_COMMON_BLOCKS = YES;
				GCC_WARN_64_TO_32_BIT_CONVERSION = YES;
				GCC_WARN_ABOUT_RETURN_TYPE = YES_ERROR;
				GCC_WARN_UNDECLARED_SELECTOR = YES;
				GCC_WARN_UNINITIALIZED_AUTOS = YES_AGGRESSIVE;
				GCC_WARN_UNUSED_FUNCTION = YES;
				GCC_WARN_UNUSED_VARIABLE = YES;
				IPHONEOS_DEPLOYMENT_TARGET = 18.1;
				LOCALIZATION_PREFERS_STRING_CATALOGS = YES;
				MTL_ENABLE_DEBUG_INFO = NO;
				MTL_FAST_MATH = YES;
				SDKROOT = iphoneos;
				SWIFT_COMPILATION_MODE = wholemodule;
				VALIDATE_PRODUCT = YES;
			};
			name = Release;
		};
		8F672E602CEC597000A54691 /* Debug */ = {
			isa = XCBuildConfiguration;
			buildSettings = {
				ASSETCATALOG_COMPILER_APPICON_NAME = AppIcon;
				ASSETCATALOG_COMPILER_GLOBAL_ACCENT_COLOR_NAME = AccentColor;
				CODE_SIGN_STYLE = Automatic;
				CURRENT_PROJECT_VERSION = 1;
				DEVELOPMENT_ASSET_PATHS = "\"CoverLetterApp/Preview Content\"";
				ENABLE_PREVIEWS = YES;
				GENERATE_INFOPLIST_FILE = YES;
				INFOPLIST_KEY_UIApplicationSceneManifest_Generation = YES;
				INFOPLIST_KEY_UIApplicationSupportsIndirectInputEvents = YES;
				INFOPLIST_KEY_UILaunchScreen_Generation = YES;
				INFOPLIST_KEY_UISupportedInterfaceOrientations_iPad = "UIInterfaceOrientationPortrait UIInterfaceOrientationPortraitUpsideDown UIInterfaceOrientationLandscapeLeft UIInterfaceOrientationLandscapeRight";
				INFOPLIST_KEY_UISupportedInterfaceOrientations_iPhone = "UIInterfaceOrientationPortrait UIInterfaceOrientationLandscapeLeft UIInterfaceOrientationLandscapeRight";
				LD_RUNPATH_SEARCH_PATHS = (
					"$(inherited)",
					"@executable_path/Frameworks",
				);
				MARKETING_VERSION = 1.0;
				PRODUCT_BUNDLE_IDENTIFIER = ducnguyen.CoverLetterApp;
				PRODUCT_NAME = "$(TARGET_NAME)";
				SWIFT_EMIT_LOC_STRINGS = YES;
				SWIFT_VERSION = 5.0;
				TARGETED_DEVICE_FAMILY = "1,2";
			};
			name = Debug;
		};
		8F672E612CEC597000A54691 /* Release */ = {
			isa = XCBuildConfiguration;
			buildSettings = {
				ASSETCATALOG_COMPILER_APPICON_NAME = AppIcon;
				ASSETCATALOG_COMPILER_GLOBAL_ACCENT_COLOR_NAME = AccentColor;
				CODE_SIGN_STYLE = Automatic;
				CURRENT_PROJECT_VERSION = 1;
				DEVELOPMENT_ASSET_PATHS = "\"CoverLetterApp/Preview Content\"";
				ENABLE_PREVIEWS = YES;
				GENERATE_INFOPLIST_FILE = YES;
				INFOPLIST_KEY_UIApplicationSceneManifest_Generation = YES;
				INFOPLIST_KEY_UIApplicationSupportsIndirectInputEvents = YES;
				INFOPLIST_KEY_UILaunchScreen_Generation = YES;
				INFOPLIST_KEY_UISupportedInterfaceOrientations_iPad = "UIInterfaceOrientationPortrait UIInterfaceOrientationPortraitUpsideDown UIInterfaceOrientationLandscapeLeft UIInterfaceOrientationLandscapeRight";
				INFOPLIST_KEY_UISupportedInterfaceOrientations_iPhone = "UIInterfaceOrientationPortrait UIInterfaceOrientationLandscapeLeft UIInterfaceOrientationLandscapeRight";
				LD_RUNPATH_SEARCH_PATHS = (
					"$(inherited)",
					"@executable_path/Frameworks",
				);
				MARKETING_VERSION = 1.0;
				PRODUCT_BUNDLE_IDENTIFIER = ducnguyen.CoverLetterApp;
				PRODUCT_NAME = "$(TARGET_NAME)";
				SWIFT_EMIT_LOC_STRINGS = YES;
				SWIFT_VERSION = 5.0;
				TARGETED_DEVICE_FAMILY = "1,2";
			};
			name = Release;
		};
		8F672E632CEC597000A54691 /* Debug */ = {
			isa = XCBuildConfiguration;
			buildSettings = {
				BUNDLE_LOADER = "$(TEST_HOST)";
				CODE_SIGN_STYLE = Automatic;
				CURRENT_PROJECT_VERSION = 1;
				GENERATE_INFOPLIST_FILE = YES;
				IPHONEOS_DEPLOYMENT_TARGET = 18.1;
				MARKETING_VERSION = 1.0;
				PRODUCT_BUNDLE_IDENTIFIER = ducnguyen.CoverLetterAppTests;
				PRODUCT_NAME = "$(TARGET_NAME)";
				SWIFT_EMIT_LOC_STRINGS = NO;
				SWIFT_VERSION = 5.0;
				TARGETED_DEVICE_FAMILY = "1,2";
				TEST_HOST = "$(BUILT_PRODUCTS_DIR)/CoverLetterApp.app/$(BUNDLE_EXECUTABLE_FOLDER_PATH)/CoverLetterApp";
			};
			name = Debug;
		};
		8F672E642CEC597000A54691 /* Release */ = {
			isa = XCBuildConfiguration;
			buildSettings = {
				BUNDLE_LOADER = "$(TEST_HOST)";
				CODE_SIGN_STYLE = Automatic;
				CURRENT_PROJECT_VERSION = 1;
				GENERATE_INFOPLIST_FILE = YES;
				IPHONEOS_DEPLOYMENT_TARGET = 18.1;
				MARKETING_VERSION = 1.0;
				PRODUCT_BUNDLE_IDENTIFIER = ducnguyen.CoverLetterAppTests;
				PRODUCT_NAME = "$(TARGET_NAME)";
				SWIFT_EMIT_LOC_STRINGS = NO;
				SWIFT_VERSION = 5.0;
				TARGETED_DEVICE_FAMILY = "1,2";
				TEST_HOST = "$(BUILT_PRODUCTS_DIR)/CoverLetterApp.app/$(BUNDLE_EXECUTABLE_FOLDER_PATH)/CoverLetterApp";
			};
			name = Release;
		};
		8F672E662CEC597000A54691 /* Debug */ = {
			isa = XCBuildConfiguration;
			buildSettings = {
				CODE_SIGN_STYLE = Automatic;
				CURRENT_PROJECT_VERSION = 1;
				GENERATE_INFOPLIST_FILE = YES;
				MARKETING_VERSION = 1.0;
				PRODUCT_BUNDLE_IDENTIFIER = ducnguyen.CoverLetterAppUITests;
				PRODUCT_NAME = "$(TARGET_NAME)";
				SWIFT_EMIT_LOC_STRINGS = NO;
				SWIFT_VERSION = 5.0;
				TARGETED_DEVICE_FAMILY = "1,2";
				TEST_TARGET_NAME = CoverLetterApp;
			};
			name = Debug;
		};
		8F672E672CEC597000A54691 /* Release */ = {
			isa = XCBuildConfiguration;
			buildSettings = {
				CODE_SIGN_STYLE = Automatic;
				CURRENT_PROJECT_VERSION = 1;
				GENERATE_INFOPLIST_FILE = YES;
				MARKETING_VERSION = 1.0;
				PRODUCT_BUNDLE_IDENTIFIER = ducnguyen.CoverLetterAppUITests;
				PRODUCT_NAME = "$(TARGET_NAME)";
				SWIFT_EMIT_LOC_STRINGS = NO;
				SWIFT_VERSION = 5.0;
				TARGETED_DEVICE_FAMILY = "1,2";
				TEST_TARGET_NAME = CoverLetterApp;
			};
			name = Release;
		};
/* End XCBuildConfiguration section */

/* Begin XCConfigurationList section */
		8F672E362CEC596E00A54691 /* Build configuration list for PBXProject "CoverLetterApp" */ = {
			isa = XCConfigurationList;
			buildConfigurations = (
				8F672E5D2CEC597000A54691 /* Debug */,
				8F672E5E2CEC597000A54691 /* Release */,
			);
			defaultConfigurationIsVisible = 0;
			defaultConfigurationName = Release;
		};
		8F672E5F2CEC597000A54691 /* Build configuration list for PBXNativeTarget "CoverLetterApp" */ = {
			isa = XCConfigurationList;
			buildConfigurations = (
				8F672E602CEC597000A54691 /* Debug */,
				8F672E612CEC597000A54691 /* Release */,
			);
			defaultConfigurationIsVisible = 0;
			defaultConfigurationName = Release;
		};
		8F672E622CEC597000A54691 /* Build configuration list for PBXNativeTarget "CoverLetterAppTests" */ = {
			isa = XCConfigurationList;
			buildConfigurations = (
				8F672E632CEC597000A54691 /* Debug */,
				8F672E642CEC597000A54691 /* Release */,
			);
			defaultConfigurationIsVisible = 0;
			defaultConfigurationName = Release;
		};
		8F672E652CEC597000A54691 /* Build configuration list for PBXNativeTarget "CoverLetterAppUITests" */ = {
			isa = XCConfigurationList;
			buildConfigurations = (
				8F672E662CEC597000A54691 /* Debug */,
				8F672E672CEC597000A54691 /* Release */,
			);
			defaultConfigurationIsVisible = 0;
			defaultConfigurationName = Release;
		};
/* End XCConfigurationList section */
	};
	rootObject = 8F672E332CEC596E00A54691 /* Project object */;
}
